
Microsoft Visual Studio Solution File, Format Version 12.00
# Visual Studio 14
VisualStudioVersion = 14.0.25123.0
MinimumVisualStudioVersion = 10.0.40219.1
Project("{FAE04EC0-301F-11D3-BF4B-00C04F79EFBC}") = "Flyweight", "Flyweight\Flyweight.csproj", "{AE43D1F0-6516-441B-8D3C-7A91A973B08D}"
EndProject
Project("{FAE04EC0-301F-11D3-BF4B-00C04F79EFBC}") = "FlyweightGOF", "FlyweightGOF\FlyweightGOF.csproj", "{F908904B-73FC-4FE1-8973-5BBCA539E869}"
EndProject
Global
	GlobalSection(SolutionConfigurationPlatforms) = preSolution
		Debug|Any CPU = Debug|Any CPU
		Release|Any CPU = Release|Any CPU
	EndGlobalSection
	GlobalSection(ProjectConfigurationPlatforms) = postSolution
		{AE43D1F0-6516-441B-8D3C-7A91A973B08D}.Debug|Any CPU.ActiveCfg = Debug|Any CPU
		{AE43D1F0-6516-441B-8D3C-7A91A973B08D}.Debug|Any CPU.Build.0 = Debug|Any CPU
		{AE43D1F0-6516-441B-8D3C-7A91A973B08D}.Release|Any CPU.ActiveCfg = Release|Any CPU
		{AE43D1F0-6516-441B-8D3C-7A91A973B08D}.Release|Any CPU.Build.0 = Release|Any CPU
		{F908904B-73FC-4FE1-8973-5BBCA539E869}.Debug|Any CPU.ActiveCfg = Debug|Any CPU
		{F908904B-73FC-4FE1-8973-5BBCA539E869}.Debug|Any CPU.Build.0 = Debug|Any CPU
		{F908904B-73FC-4FE1-8973-5BBCA539E869}.Release|Any CPU.ActiveCfg = Release|Any CPU
		{F908904B-73FC-4FE1-8973-5BBCA539E869}.Release|Any CPU.Build.0 = Release|Any CPU
	EndGlobalSection
	GlobalSection(SolutionProperties) = preSolution
		HideSolutionNode = FALSE
	EndGlobalSection
EndGlobal
